
Microsoft Visual Studio Solution File, Format Version 12.00
# Visual Studio Version 17
VisualStudioVersion = 17.0.31903.59
MinimumVisualStudioVersion = 10.0.40219.1
Project("{2150E333-8FDC-42A3-9474-1A3956D46DE8}") = "src", "src", "{827E0CD3-B72D-47B6-A68D-7590B98EB39B}"
EndProject
Project("{2150E333-8FDC-42A3-9474-1A3956D46DE8}") = "Application", "Application", "{22BAF98C-8415-17C4-B26A-D537657BC863}"
EndProject
Project("{FAE04EC0-301F-11D3-BF4B-00C04F79EFBC}") = "PubLink.Application", "src\Application\PubLink.Application.csproj", "{36AF60E7-D0DA-4888-9AA5-18D14C846C1B}"
EndProject
Project("{2150E333-8FDC-42A3-9474-1A3956D46DE8}") = "Infrastructure", "Infrastructure", "{9048EB7F-3875-A59E-E36B-5BD4C6F2A282}"
EndProject
Project("{FAE04EC0-301F-11D3-BF4B-00C04F79EFBC}") = "PubLink.Infrastructure", "src\Infrastructure\PubLink.Infrastructure.csproj", "{943E6526-1FDD-45D4-85F2-1FA263668E76}"
EndProject
Project("{2150E333-8FDC-42A3-9474-1A3956D46DE8}") = "WebApi", "WebApi", "{953D89DF-FDD2-4C1A-6A43-6326114B13B5}"
EndProject
Project("{FAE04EC0-301F-11D3-BF4B-00C04F79EFBC}") = "PubLink.WebApi", "src\WebApi\PubLink.WebApi.csproj", "{1843D68D-F7C2-4D63-A160-C8FCF380D385}"
EndProject
Project("{2150E333-8FDC-42A3-9474-1A3956D46DE8}") = "tests", "tests", "{0AB3BF05-4346-4AA6-1389-037BE0695223}"
EndProject
Project("{2150E333-8FDC-42A3-9474-1A3956D46DE8}") = "Application.FunctionalTests", "Application.FunctionalTests", "{CFB35AA8-FDB8-705D-2EAE-6618A336344F}"
EndProject
Project("{FAE04EC0-301F-11D3-BF4B-00C04F79EFBC}") = "PubLink.Application.FunctionalTests", "tests\Application.FunctionalTests\PubLink.Application.FunctionalTests.csproj", "{B615FBCD-E17E-43A3-BE1E-709F5404E2C5}"
EndProject
Project("{2150E333-8FDC-42A3-9474-1A3956D46DE8}") = "Web", "Web", "{03997797-E7F5-0643-168D-B8EA7178C2FE}"
EndProject
Project("{FAE04EC0-301F-11D3-BF4B-00C04F79EFBC}") = "PubLink.Web", "src\Web\PubLink.Web.csproj", "{96ACC1D7-7F2C-4D1D-8466-2CA378E86287}"
EndProject
Global
	GlobalSection(SolutionConfigurationPlatforms) = preSolution
		Debug|Any CPU = Debug|Any CPU
		Debug|x64 = Debug|x64
		Debug|x86 = Debug|x86
		Release|Any CPU = Release|Any CPU
		Release|x64 = Release|x64
		Release|x86 = Release|x86
	EndGlobalSection
	GlobalSection(ProjectConfigurationPlatforms) = postSolution
		{36AF60E7-D0DA-4888-9AA5-18D14C846C1B}.Debug|Any CPU.ActiveCfg = Debug|Any CPU
		{36AF60E7-D0DA-4888-9AA5-18D14C846C1B}.Debug|Any CPU.Build.0 = Debug|Any CPU
		{36AF60E7-D0DA-4888-9AA5-18D14C846C1B}.Debug|x64.ActiveCfg = Debug|Any CPU
		{36AF60E7-D0DA-4888-9AA5-18D14C846C1B}.Debug|x64.Build.0 = Debug|Any CPU
		{36AF60E7-D0DA-4888-9AA5-18D14C846C1B}.Debug|x86.ActiveCfg = Debug|Any CPU
		{36AF60E7-D0DA-4888-9AA5-18D14C846C1B}.Debug|x86.Build.0 = Debug|Any CPU
		{36AF60E7-D0DA-4888-9AA5-18D14C846C1B}.Release|Any CPU.ActiveCfg = Release|Any CPU
		{36AF60E7-D0DA-4888-9AA5-18D14C846C1B}.Release|Any CPU.Build.0 = Release|Any CPU
		{36AF60E7-D0DA-4888-9AA5-18D14C846C1B}.Release|x64.ActiveCfg = Release|Any CPU
		{36AF60E7-D0DA-4888-9AA5-18D14C846C1B}.Release|x64.Build.0 = Release|Any CPU
		{36AF60E7-D0DA-4888-9AA5-18D14C846C1B}.Release|x86.ActiveCfg = Release|Any CPU
		{36AF60E7-D0DA-4888-9AA5-18D14C846C1B}.Release|x86.Build.0 = Release|Any CPU
		{943E6526-1FDD-45D4-85F2-1FA263668E76}.Debug|Any CPU.ActiveCfg = Debug|Any CPU
		{943E6526-1FDD-45D4-85F2-1FA263668E76}.Debug|Any CPU.Build.0 = Debug|Any CPU
		{943E6526-1FDD-45D4-85F2-1FA263668E76}.Debug|x64.ActiveCfg = Debug|Any CPU
		{943E6526-1FDD-45D4-85F2-1FA263668E76}.Debug|x64.Build.0 = Debug|Any CPU
		{943E6526-1FDD-45D4-85F2-1FA263668E76}.Debug|x86.ActiveCfg = Debug|Any CPU
		{943E6526-1FDD-45D4-85F2-1FA263668E76}.Debug|x86.Build.0 = Debug|Any CPU
		{943E6526-1FDD-45D4-85F2-1FA263668E76}.Release|Any CPU.ActiveCfg = Release|Any CPU
		{943E6526-1FDD-45D4-85F2-1FA263668E76}.Release|Any CPU.Build.0 = Release|Any CPU
		{943E6526-1FDD-45D4-85F2-1FA263668E76}.Release|x64.ActiveCfg = Release|Any CPU
		{943E6526-1FDD-45D4-85F2-1FA263668E76}.Release|x64.Build.0 = Release|Any CPU
		{943E6526-1FDD-45D4-85F2-1FA263668E76}.Release|x86.ActiveCfg = Release|Any CPU
		{943E6526-1FDD-45D4-85F2-1FA263668E76}.Release|x86.Build.0 = Release|Any CPU
		{1843D68D-F7C2-4D63-A160-C8FCF380D385}.Debug|Any CPU.ActiveCfg = Debug|Any CPU
		{1843D68D-F7C2-4D63-A160-C8FCF380D385}.Debug|Any CPU.Build.0 = Debug|Any CPU
		{1843D68D-F7C2-4D63-A160-C8FCF380D385}.Debug|x64.ActiveCfg = Debug|Any CPU
		{1843D68D-F7C2-4D63-A160-C8FCF380D385}.Debug|x64.Build.0 = Debug|Any CPU
		{1843D68D-F7C2-4D63-A160-C8FCF380D385}.Debug|x86.ActiveCfg = Debug|Any CPU
		{1843D68D-F7C2-4D63-A160-C8FCF380D385}.Debug|x86.Build.0 = Debug|Any CPU
		{1843D68D-F7C2-4D63-A160-C8FCF380D385}.Release|Any CPU.ActiveCfg = Release|Any CPU
		{1843D68D-F7C2-4D63-A160-C8FCF380D385}.Release|Any CPU.Build.0 = Release|Any CPU
		{1843D68D-F7C2-4D63-A160-C8FCF380D385}.Release|x64.ActiveCfg = Release|Any CPU
		{1843D68D-F7C2-4D63-A160-C8FCF380D385}.Release|x64.Build.0 = Release|Any CPU
		{1843D68D-F7C2-4D63-A160-C8FCF380D385}.Release|x86.ActiveCfg = Release|Any CPU
		{1843D68D-F7C2-4D63-A160-C8FCF380D385}.Release|x86.Build.0 = Release|Any CPU
		{B615FBCD-E17E-43A3-BE1E-709F5404E2C5}.Debug|Any CPU.ActiveCfg = Debug|Any CPU
		{B615FBCD-E17E-43A3-BE1E-709F5404E2C5}.Debug|Any CPU.Build.0 = Debug|Any CPU
		{B615FBCD-E17E-43A3-BE1E-709F5404E2C5}.Debug|x64.ActiveCfg = Debug|Any CPU
		{B615FBCD-E17E-43A3-BE1E-709F5404E2C5}.Debug|x64.Build.0 = Debug|Any CPU
		{B615FBCD-E17E-43A3-BE1E-709F5404E2C5}.Debug|x86.ActiveCfg = Debug|Any CPU
		{B615FBCD-E17E-43A3-BE1E-709F5404E2C5}.Debug|x86.Build.0 = Debug|Any CPU
		{B615FBCD-E17E-43A3-BE1E-709F5404E2C5}.Release|Any CPU.ActiveCfg = Release|Any CPU
		{B615FBCD-E17E-43A3-BE1E-709F5404E2C5}.Release|Any CPU.Build.0 = Release|Any CPU
		{B615FBCD-E17E-43A3-BE1E-709F5404E2C5}.Release|x64.ActiveCfg = Release|Any CPU
		{B615FBCD-E17E-43A3-BE1E-709F5404E2C5}.Release|x64.Build.0 = Release|Any CPU
		{B615FBCD-E17E-43A3-BE1E-709F5404E2C5}.Release|x86.ActiveCfg = Release|Any CPU
		{B615FBCD-E17E-43A3-BE1E-709F5404E2C5}.Release|x86.Build.0 = Release|Any CPU
		{96ACC1D7-7F2C-4D1D-8466-2CA378E86287}.Debug|Any CPU.ActiveCfg = Debug|Any CPU
		{96ACC1D7-7F2C-4D1D-8466-2CA378E86287}.Debug|Any CPU.Build.0 = Debug|Any CPU
		{96ACC1D7-7F2C-4D1D-8466-2CA378E86287}.Debug|x64.ActiveCfg = Debug|Any CPU
		{96ACC1D7-7F2C-4D1D-8466-2CA378E86287}.Debug|x64.Build.0 = Debug|Any CPU
		{96ACC1D7-7F2C-4D1D-8466-2CA378E86287}.Debug|x86.ActiveCfg = Debug|Any CPU
		{96ACC1D7-7F2C-4D1D-8466-2CA378E86287}.Debug|x86.Build.0 = Debug|Any CPU
		{96ACC1D7-7F2C-4D1D-8466-2CA378E86287}.Release|Any CPU.ActiveCfg = Release|Any CPU
		{96ACC1D7-7F2C-4D1D-8466-2CA378E86287}.Release|Any CPU.Build.0 = Release|Any CPU
		{96ACC1D7-7F2C-4D1D-8466-2CA378E86287}.Release|x64.ActiveCfg = Release|Any CPU
		{96ACC1D7-7F2C-4D1D-8466-2CA378E86287}.Release|x64.Build.0 = Release|Any CPU
		{96ACC1D7-7F2C-4D1D-8466-2CA378E86287}.Release|x86.ActiveCfg = Release|Any CPU
		{96ACC1D7-7F2C-4D1D-8466-2CA378E86287}.Release|x86.Build.0 = Release|Any CPU
	EndGlobalSection
	GlobalSection(SolutionProperties) = preSolution
		HideSolutionNode = FALSE
	EndGlobalSection
	GlobalSection(NestedProjects) = preSolution
		{22BAF98C-8415-17C4-B26A-D537657BC863} = {827E0CD3-B72D-47B6-A68D-7590B98EB39B}
		{36AF60E7-D0DA-4888-9AA5-18D14C846C1B} = {22BAF98C-8415-17C4-B26A-D537657BC863}
		{9048EB7F-3875-A59E-E36B-5BD4C6F2A282} = {827E0CD3-B72D-47B6-A68D-7590B98EB39B}
		{943E6526-1FDD-45D4-85F2-1FA263668E76} = {9048EB7F-3875-A59E-E36B-5BD4C6F2A282}
		{953D89DF-FDD2-4C1A-6A43-6326114B13B5} = {827E0CD3-B72D-47B6-A68D-7590B98EB39B}
		{1843D68D-F7C2-4D63-A160-C8FCF380D385} = {953D89DF-FDD2-4C1A-6A43-6326114B13B5}
		{CFB35AA8-FDB8-705D-2EAE-6618A336344F} = {0AB3BF05-4346-4AA6-1389-037BE0695223}
		{B615FBCD-E17E-43A3-BE1E-709F5404E2C5} = {CFB35AA8-FDB8-705D-2EAE-6618A336344F}
		{03997797-E7F5-0643-168D-B8EA7178C2FE} = {827E0CD3-B72D-47B6-A68D-7590B98EB39B}
		{96ACC1D7-7F2C-4D1D-8466-2CA378E86287} = {03997797-E7F5-0643-168D-B8EA7178C2FE}
	EndGlobalSection
EndGlobal
